// !$*UTF8*$!
{
	archiveVersion = 1;
	classes = {
	};
	objectVersion = 46;
	objects = {

/* Begin PBXAggregateTarget section */
		CE9B35071B3B3951005507F4 /* mogenerator */ = {
			isa = PBXAggregateTarget;
			buildConfigurationList = CE9B350A1B3B3951005507F4 /* Build configuration list for PBXAggregateTarget "mogenerator" */;
			buildPhases = (
				CE9B350D1B3B395F005507F4 /* ShellScript */,
			);
			dependencies = (
			);
			name = mogenerator;
			productName = mogenerator;
		};
/* End PBXAggregateTarget section */

/* Begin PBXBuildFile section */
		B4907531A3084CA6BFF3117F /* libPods.a in Frameworks */ = {isa = PBXBuildFile; fileRef = B7247B2D797DDF3A00845BFE /* libPods.a */; };
		CE5187611B3DCF1500D120D7 /* SZNewsFeedTableViewCell.m in Sources */ = {isa = PBXBuildFile; fileRef = CE5187601B3DCF1500D120D7 /* SZNewsFeedTableViewCell.m */; };
		CE5187681B3F243600D120D7 /* SZAdjustLabel.m in Sources */ = {isa = PBXBuildFile; fileRef = CE5187671B3F243600D120D7 /* SZAdjustLabel.m */; };
		CE7334361B3D397000F60735 /* SZVKTransformers.m in Sources */ = {isa = PBXBuildFile; fileRef = CE7334351B3D397000F60735 /* SZVKTransformers.m */; };
		CE7334371B3D397000F60735 /* SZVKTransformers.m in Sources */ = {isa = PBXBuildFile; fileRef = CE7334351B3D397000F60735 /* SZVKTransformers.m */; };
		CE9B34CD1B3B2E0F005507F4 /* main.m in Sources */ = {isa = PBXBuildFile; fileRef = CE9B34CC1B3B2E0F005507F4 /* main.m */; };
		CE9B34D01B3B2E0F005507F4 /* AppDelegate.m in Sources */ = {isa = PBXBuildFile; fileRef = CE9B34CF1B3B2E0F005507F4 /* AppDelegate.m */; };
		CE9B34D31B3B2E0F005507F4 /* SZNewsFeedViewController.m in Sources */ = {isa = PBXBuildFile; fileRef = CE9B34D21B3B2E0F005507F4 /* SZNewsFeedViewController.m */; };
		CE9B34D61B3B2E0F005507F4 /* Main.storyboard in Resources */ = {isa = PBXBuildFile; fileRef = CE9B34D41B3B2E0F005507F4 /* Main.storyboard */; };
		CE9B34D81B3B2E0F005507F4 /* Images.xcassets in Resources */ = {isa = PBXBuildFile; fileRef = CE9B34D71B3B2E0F005507F4 /* Images.xcassets */; };
		CE9B34E71B3B2E0F005507F4 /* VKSampleAppTests.m in Sources */ = {isa = PBXBuildFile; fileRef = CE9B34E61B3B2E0F005507F4 /* VKSampleAppTests.m */; };
		CE9B34F21B3B2E7E005507F4 /* LaunchScreen.storyboard in Resources */ = {isa = PBXBuildFile; fileRef = CE9B34F01B3B2E7E005507F4 /* LaunchScreen.storyboard */; };
		CE9B35051B3B3866005507F4 /* SZModel.xcdatamodeld in Sources */ = {isa = PBXBuildFile; fileRef = CE9B35031B3B3866005507F4 /* SZModel.xcdatamodeld */; };
		CE9B35061B3B3866005507F4 /* SZModel.xcdatamodeld in Sources */ = {isa = PBXBuildFile; fileRef = CE9B35031B3B3866005507F4 /* SZModel.xcdatamodeld */; };
		CE9B35101B3B3997005507F4 /* SZModel.m in Sources */ = {isa = PBXBuildFile; fileRef = CE9B350F1B3B3997005507F4 /* SZModel.m */; };
		CE9B35111B3B3997005507F4 /* SZModel.m in Sources */ = {isa = PBXBuildFile; fileRef = CE9B350F1B3B3997005507F4 /* SZModel.m */; };
		CE9B35511B3B4E9A005507F4 /* SZLocalStorage.m in Sources */ = {isa = PBXBuildFile; fileRef = CE9B35501B3B4E9A005507F4 /* SZLocalStorage.m */; };
		CE9B35551B3B55CE005507F4 /* SZServerController.m in Sources */ = {isa = PBXBuildFile; fileRef = CE9B35541B3B55CE005507F4 /* SZServerController.m */; };
		CE9B35581B3BFAEE005507F4 /* SZImageCache.m in Sources */ = {isa = PBXBuildFile; fileRef = CE9B35571B3BFAEE005507F4 /* SZImageCache.m */; };
		CE9B355B1B3C0FA3005507F4 /* SZImageLoader.m in Sources */ = {isa = PBXBuildFile; fileRef = CE9B355A1B3C0FA3005507F4 /* SZImageLoader.m */; };
		CEB9D1361B3C1A580052D5FC /* Login.storyboard in Resources */ = {isa = PBXBuildFile; fileRef = CEB9D1341B3C1A580052D5FC /* Login.storyboard */; };
		CEB9D1391B3C34B50052D5FC /* SZLoginViewController.m in Sources */ = {isa = PBXBuildFile; fileRef = CEB9D1381B3C34B50052D5FC /* SZLoginViewController.m */; };
/* End PBXBuildFile section */

/* Begin PBXContainerItemProxy section */
		CE9B34E11B3B2E0F005507F4 /* PBXContainerItemProxy */ = {
			isa = PBXContainerItemProxy;
			containerPortal = CE9B34BF1B3B2E0F005507F4 /* Project object */;
			proxyType = 1;
			remoteGlobalIDString = CE9B34C61B3B2E0F005507F4;
			remoteInfo = VKSampleApp;
		};
		CE9B350B1B3B395A005507F4 /* PBXContainerItemProxy */ = {
			isa = PBXContainerItemProxy;
			containerPortal = CE9B34BF1B3B2E0F005507F4 /* Project object */;
			proxyType = 1;
			remoteGlobalIDString = CE9B35071B3B3951005507F4;
			remoteInfo = mogenerator;
		};
/* End PBXContainerItemProxy section */

/* Begin PBXFileReference section */
		18CF48A7C269C00E7876C181 /* Pods.debug.xcconfig */ = {isa = PBXFileReference; includeInIndex = 1; lastKnownFileType = text.xcconfig; name = Pods.debug.xcconfig; path = "Pods/Target Support Files/Pods/Pods.debug.xcconfig"; sourceTree = "<group>"; };
		9186A775E2C713F4087BB117 /* Pods.release.xcconfig */ = {isa = PBXFileReference; includeInIndex = 1; lastKnownFileType = text.xcconfig; name = Pods.release.xcconfig; path = "Pods/Target Support Files/Pods/Pods.release.xcconfig"; sourceTree = "<group>"; };
		B7247B2D797DDF3A00845BFE /* libPods.a */ = {isa = PBXFileReference; explicitFileType = archive.ar; includeInIndex = 0; path = libPods.a; sourceTree = BUILT_PRODUCTS_DIR; };
		CE51875F1B3DCF1500D120D7 /* SZNewsFeedTableViewCell.h */ = {isa = PBXFileReference; fileEncoding = 4; lastKnownFileType = sourcecode.c.h; path = SZNewsFeedTableViewCell.h; sourceTree = "<group>"; };
		CE5187601B3DCF1500D120D7 /* SZNewsFeedTableViewCell.m */ = {isa = PBXFileReference; fileEncoding = 4; lastKnownFileType = sourcecode.c.objc; path = SZNewsFeedTableViewCell.m; sourceTree = "<group>"; };
		CE5187661B3F243600D120D7 /* SZAdjustLabel.h */ = {isa = PBXFileReference; fileEncoding = 4; lastKnownFileType = sourcecode.c.h; name = SZAdjustLabel.h; path = Classes/SZAdjustLabel.h; sourceTree = "<group>"; };
		CE5187671B3F243600D120D7 /* SZAdjustLabel.m */ = {isa = PBXFileReference; fileEncoding = 4; lastKnownFileType = sourcecode.c.objc; name = SZAdjustLabel.m; path = Classes/SZAdjustLabel.m; sourceTree = "<group>"; };
		CE7334341B3D397000F60735 /* SZVKTransformers.h */ = {isa = PBXFileReference; fileEncoding = 4; lastKnownFileType = sourcecode.c.h; name = SZVKTransformers.h; path = Classes/SZVKTransformers.h; sourceTree = "<group>"; };
		CE7334351B3D397000F60735 /* SZVKTransformers.m */ = {isa = PBXFileReference; fileEncoding = 4; lastKnownFileType = sourcecode.c.objc; name = SZVKTransformers.m; path = Classes/SZVKTransformers.m; sourceTree = "<group>"; };
		CE9B34C71B3B2E0F005507F4 /* VKSampleApp.app */ = {isa = PBXFileReference; explicitFileType = wrapper.application; includeInIndex = 0; path = VKSampleApp.app; sourceTree = BUILT_PRODUCTS_DIR; };
		CE9B34CB1B3B2E0F005507F4 /* Info.plist */ = {isa = PBXFileReference; lastKnownFileType = text.plist.xml; path = Info.plist; sourceTree = "<group>"; };
		CE9B34CC1B3B2E0F005507F4 /* main.m */ = {isa = PBXFileReference; lastKnownFileType = sourcecode.c.objc; path = main.m; sourceTree = "<group>"; };
		CE9B34CE1B3B2E0F005507F4 /* AppDelegate.h */ = {isa = PBXFileReference; lastKnownFileType = sourcecode.c.h; path = AppDelegate.h; sourceTree = "<group>"; };
		CE9B34CF1B3B2E0F005507F4 /* AppDelegate.m */ = {isa = PBXFileReference; lastKnownFileType = sourcecode.c.objc; path = AppDelegate.m; sourceTree = "<group>"; };
		CE9B34D11B3B2E0F005507F4 /* SZNewsFeedViewController.h */ = {isa = PBXFileReference; lastKnownFileType = sourcecode.c.h; path = SZNewsFeedViewController.h; sourceTree = "<group>"; };
		CE9B34D21B3B2E0F005507F4 /* SZNewsFeedViewController.m */ = {isa = PBXFileReference; lastKnownFileType = sourcecode.c.objc; path = SZNewsFeedViewController.m; sourceTree = "<group>"; };
		CE9B34D51B3B2E0F005507F4 /* Base */ = {isa = PBXFileReference; lastKnownFileType = file.storyboard; name = Base; path = Base.lproj/Main.storyboard; sourceTree = "<group>"; };
		CE9B34D71B3B2E0F005507F4 /* Images.xcassets */ = {isa = PBXFileReference; lastKnownFileType = folder.assetcatalog; path = Images.xcassets; sourceTree = "<group>"; };
		CE9B34E01B3B2E0F005507F4 /* VKSampleAppTests.xctest */ = {isa = PBXFileReference; explicitFileType = wrapper.cfbundle; includeInIndex = 0; path = VKSampleAppTests.xctest; sourceTree = BUILT_PRODUCTS_DIR; };
		CE9B34E51B3B2E0F005507F4 /* Info.plist */ = {isa = PBXFileReference; lastKnownFileType = text.plist.xml; path = Info.plist; sourceTree = "<group>"; };
		CE9B34E61B3B2E0F005507F4 /* VKSampleAppTests.m */ = {isa = PBXFileReference; lastKnownFileType = sourcecode.c.objc; path = VKSampleAppTests.m; sourceTree = "<group>"; };
		CE9B34F11B3B2E7E005507F4 /* Base */ = {isa = PBXFileReference; lastKnownFileType = file.storyboard; name = Base; path = VKSampleApp/Base.lproj/LaunchScreen.storyboard; sourceTree = "<group>"; };
		CE9B34F41B3B2FAC005507F4 /* Podfile */ = {isa = PBXFileReference; fileEncoding = 4; lastKnownFileType = text; path = Podfile; sourceTree = SOURCE_ROOT; xcLanguageSpecificationIdentifier = xcode.lang.ruby; };
		CE9B35041B3B3866005507F4 /* vkModel.xcdatamodel */ = {isa = PBXFileReference; lastKnownFileType = wrapper.xcdatamodel; path = vkModel.xcdatamodel; sourceTree = "<group>"; };
		CE9B350E1B3B3997005507F4 /* SZModel.h */ = {isa = PBXFileReference; fileEncoding = 4; lastKnownFileType = sourcecode.c.h; name = SZModel.h; path = CoreData/SZModel.h; sourceTree = SOURCE_ROOT; };
		CE9B350F1B3B3997005507F4 /* SZModel.m */ = {isa = PBXFileReference; fileEncoding = 4; lastKnownFileType = sourcecode.c.objc; name = SZModel.m; path = CoreData/SZModel.m; sourceTree = SOURCE_ROOT; };
		CE9B354F1B3B4E9A005507F4 /* SZLocalStorage.h */ = {isa = PBXFileReference; fileEncoding = 4; lastKnownFileType = sourcecode.c.h; name = SZLocalStorage.h; path = Models/SZLocalStorage.h; sourceTree = "<group>"; };
		CE9B35501B3B4E9A005507F4 /* SZLocalStorage.m */ = {isa = PBXFileReference; fileEncoding = 4; lastKnownFileType = sourcecode.c.objc; name = SZLocalStorage.m; path = Models/SZLocalStorage.m; sourceTree = "<group>"; };
		CE9B35531B3B55CE005507F4 /* SZServerController.h */ = {isa = PBXFileReference; fileEncoding = 4; lastKnownFileType = sourcecode.c.h; name = SZServerController.h; path = Controllers/SZServerController.h; sourceTree = "<group>"; };
		CE9B35541B3B55CE005507F4 /* SZServerController.m */ = {isa = PBXFileReference; fileEncoding = 4; lastKnownFileType = sourcecode.c.objc; name = SZServerController.m; path = Controllers/SZServerController.m; sourceTree = "<group>"; };
		CE9B35561B3BFAEE005507F4 /* SZImageCache.h */ = {isa = PBXFileReference; fileEncoding = 4; lastKnownFileType = sourcecode.c.h; name = SZImageCache.h; path = Models/SZImageCache.h; sourceTree = "<group>"; };
		CE9B35571B3BFAEE005507F4 /* SZImageCache.m */ = {isa = PBXFileReference; fileEncoding = 4; lastKnownFileType = sourcecode.c.objc; name = SZImageCache.m; path = Models/SZImageCache.m; sourceTree = "<group>"; };
		CE9B35591B3C0FA3005507F4 /* SZImageLoader.h */ = {isa = PBXFileReference; fileEncoding = 4; lastKnownFileType = sourcecode.c.h; name = SZImageLoader.h; path = Controllers/SZImageLoader.h; sourceTree = "<group>"; };
		CE9B355A1B3C0FA3005507F4 /* SZImageLoader.m */ = {isa = PBXFileReference; fileEncoding = 4; lastKnownFileType = sourcecode.c.objc; name = SZImageLoader.m; path = Controllers/SZImageLoader.m; sourceTree = "<group>"; };
		CEB9D1351B3C1A580052D5FC /* Base */ = {isa = PBXFileReference; lastKnownFileType = file.storyboard; name = Base; path = Base.lproj/Login.storyboard; sourceTree = "<group>"; };
		CEB9D1371B3C34B50052D5FC /* SZLoginViewController.h */ = {isa = PBXFileReference; fileEncoding = 4; lastKnownFileType = sourcecode.c.h; path = SZLoginViewController.h; sourceTree = "<group>"; };
		CEB9D1381B3C34B50052D5FC /* SZLoginViewController.m */ = {isa = PBXFileReference; fileEncoding = 4; lastKnownFileType = sourcecode.c.objc; path = SZLoginViewController.m; sourceTree = "<group>"; };
		CEB9D13B1B3C4EDC0052D5FC /* VKSampleApp-Prefix.pch */ = {isa = PBXFileReference; lastKnownFileType = sourcecode.c.h; path = "VKSampleApp-Prefix.pch"; sourceTree = "<group>"; };
/* End PBXFileReference section */

/* Begin PBXFrameworksBuildPhase section */
		CE9B34C41B3B2E0F005507F4 /* Frameworks */ = {
			isa = PBXFrameworksBuildPhase;
			buildActionMask = 2147483647;
			files = (
				B4907531A3084CA6BFF3117F /* libPods.a in Frameworks */,
			);
			runOnlyForDeploymentPostprocessing = 0;
		};
		CE9B34DD1B3B2E0F005507F4 /* Frameworks */ = {
			isa = PBXFrameworksBuildPhase;
			buildActionMask = 2147483647;
			files = (
			);
			runOnlyForDeploymentPostprocessing = 0;
		};
/* End PBXFrameworksBuildPhase section */

/* Begin PBXGroup section */
		9AF903D776D45602E8397637 /* Frameworks */ = {
			isa = PBXGroup;
			children = (
				B7247B2D797DDF3A00845BFE /* libPods.a */,
			);
			name = Frameworks;
			sourceTree = "<group>";
		};
		B1DCDC0ED089E49790A6DEA5 /* Pods */ = {
			isa = PBXGroup;
			children = (
				CE9B34F41B3B2FAC005507F4 /* Podfile */,
				18CF48A7C269C00E7876C181 /* Pods.debug.xcconfig */,
				9186A775E2C713F4087BB117 /* Pods.release.xcconfig */,
			);
			name = Pods;
			sourceTree = "<group>";
		};
		CE51875E1B3DCEDB00D120D7 /* Cells */ = {
			isa = PBXGroup;
			children = (
				CE51875F1B3DCF1500D120D7 /* SZNewsFeedTableViewCell.h */,
				CE5187601B3DCF1500D120D7 /* SZNewsFeedTableViewCell.m */,
			);
			name = Cells;
			sourceTree = "<group>";
		};
		CE5187651B3F241800D120D7 /* UI */ = {
			isa = PBXGroup;
			children = (
				CE5187661B3F243600D120D7 /* SZAdjustLabel.h */,
				CE5187671B3F243600D120D7 /* SZAdjustLabel.m */,
			);
			name = UI;
			sourceTree = "<group>";
		};
		CE9B34BE1B3B2E0F005507F4 = {
			isa = PBXGroup;
			children = (
				CE9B34C91B3B2E0F005507F4 /* VKSampleApp */,
				CE9B34E31B3B2E0F005507F4 /* VKSampleAppTests */,
				CE9B34C81B3B2E0F005507F4 /* Products */,
				B1DCDC0ED089E49790A6DEA5 /* Pods */,
				9AF903D776D45602E8397637 /* Frameworks */,
			);
			sourceTree = "<group>";
		};
		CE9B34C81B3B2E0F005507F4 /* Products */ = {
			isa = PBXGroup;
			children = (
				CE9B34C71B3B2E0F005507F4 /* VKSampleApp.app */,
				CE9B34E01B3B2E0F005507F4 /* VKSampleAppTests.xctest */,
			);
			name = Products;
			sourceTree = "<group>";
		};
		CE9B34C91B3B2E0F005507F4 /* VKSampleApp */ = {
			isa = PBXGroup;
			children = (
				CE9B354D1B3B4BDF005507F4 /* Classes */,
				CE9B34F71B3B3780005507F4 /* Controllers */,
				CE9B34F61B3B3779005507F4 /* Models */,
				CE9B34CE1B3B2E0F005507F4 /* AppDelegate.h */,
				CE9B34CF1B3B2E0F005507F4 /* AppDelegate.m */,
				CE9B34F31B3B2E84005507F4 /* Resources */,
				CE9B34CA1B3B2E0F005507F4 /* Supporting Files */,
			);
			path = VKSampleApp;
			sourceTree = "<group>";
		};
		CE9B34CA1B3B2E0F005507F4 /* Supporting Files */ = {
			isa = PBXGroup;
			children = (
				CEB9D13B1B3C4EDC0052D5FC /* VKSampleApp-Prefix.pch */,
				CE9B34CB1B3B2E0F005507F4 /* Info.plist */,
				CE9B34CC1B3B2E0F005507F4 /* main.m */,
			);
			name = "Supporting Files";
			sourceTree = "<group>";
		};
		CE9B34E31B3B2E0F005507F4 /* VKSampleAppTests */ = {
			isa = PBXGroup;
			children = (
				CE9B34E61B3B2E0F005507F4 /* VKSampleAppTests.m */,
				CE9B34E41B3B2E0F005507F4 /* Supporting Files */,
			);
			path = VKSampleAppTests;
			sourceTree = "<group>";
		};
		CE9B34E41B3B2E0F005507F4 /* Supporting Files */ = {
			isa = PBXGroup;
			children = (
				CE9B34E51B3B2E0F005507F4 /* Info.plist */,
			);
			name = "Supporting Files";
			sourceTree = "<group>";
		};
		CE9B34F31B3B2E84005507F4 /* Resources */ = {
			isa = PBXGroup;
			children = (
				CE9B34D71B3B2E0F005507F4 /* Images.xcassets */,
				CE9B34F01B3B2E7E005507F4 /* LaunchScreen.storyboard */,
				CE9B34D41B3B2E0F005507F4 /* Main.storyboard */,
				CEB9D1341B3C1A580052D5FC /* Login.storyboard */,
			);
			name = Resources;
			sourceTree = "<group>";
		};
		CE9B34F61B3B3779005507F4 /* Models */ = {
			isa = PBXGroup;
			children = (
				CE9B34F91B3B37BC005507F4 /* CoreData */,
				CE9B354F1B3B4E9A005507F4 /* SZLocalStorage.h */,
				CE9B35501B3B4E9A005507F4 /* SZLocalStorage.m */,
				CE9B35561B3BFAEE005507F4 /* SZImageCache.h */,
				CE9B35571B3BFAEE005507F4 /* SZImageCache.m */,
			);
			name = Models;
			sourceTree = "<group>";
		};
		CE9B34F71B3B3780005507F4 /* Controllers */ = {
			isa = PBXGroup;
			children = (
				CE9B354C1B3B4B86005507F4 /* VK */,
				CE9B34F81B3B3791005507F4 /* UI */,
				CE9B35591B3C0FA3005507F4 /* SZImageLoader.h */,
				CE9B355A1B3C0FA3005507F4 /* SZImageLoader.m */,
			);
			name = Controllers;
			sourceTree = "<group>";
		};
		CE9B34F81B3B3791005507F4 /* UI */ = {
			isa = PBXGroup;
			children = (
				CE51875E1B3DCEDB00D120D7 /* Cells */,
				CE9B34D11B3B2E0F005507F4 /* SZNewsFeedViewController.h */,
				CE9B34D21B3B2E0F005507F4 /* SZNewsFeedViewController.m */,
				CEB9D1371B3C34B50052D5FC /* SZLoginViewController.h */,
				CEB9D1381B3C34B50052D5FC /* SZLoginViewController.m */,
			);
			name = UI;
			sourceTree = "<group>";
		};
		CE9B34F91B3B37BC005507F4 /* CoreData */ = {
			isa = PBXGroup;
			children = (
				CE9B350E1B3B3997005507F4 /* SZModel.h */,
				CE9B350F1B3B3997005507F4 /* SZModel.m */,
				CE9B35031B3B3866005507F4 /* SZModel.xcdatamodeld */,
			);
			name = CoreData;
			sourceTree = "<group>";
		};
		CE9B354C1B3B4B86005507F4 /* VK */ = {
			isa = PBXGroup;
			children = (
				CE9B35531B3B55CE005507F4 /* SZServerController.h */,
				CE9B35541B3B55CE005507F4 /* SZServerController.m */,
			);
			name = VK;
			sourceTree = "<group>";
		};
		CE9B354D1B3B4BDF005507F4 /* Classes */ = {
			isa = PBXGroup;
			children = (
				CE5187651B3F241800D120D7 /* UI */,
				CE9B354E1B3B4BE6005507F4 /* Categories */,
				CE7334341B3D397000F60735 /* SZVKTransformers.h */,
				CE7334351B3D397000F60735 /* SZVKTransformers.m */,
			);
			name = Classes;
			sourceTree = "<group>";
		};
		CE9B354E1B3B4BE6005507F4 /* Categories */ = {
			isa = PBXGroup;
			children = (
			);
			name = Categories;
			sourceTree = "<group>";
		};
/* End PBXGroup section */

/* Begin PBXNativeTarget section */
		CE9B34C61B3B2E0F005507F4 /* VKSampleApp */ = {
			isa = PBXNativeTarget;
			buildConfigurationList = CE9B34EA1B3B2E0F005507F4 /* Build configuration list for PBXNativeTarget "VKSampleApp" */;
			buildPhases = (
				B677106DB339ABE5465240D7 /* Check Pods Manifest.lock */,
				CE9B34C31B3B2E0F005507F4 /* Sources */,
				CE9B34C41B3B2E0F005507F4 /* Frameworks */,
				CE9B34C51B3B2E0F005507F4 /* Resources */,
				D6DA2DF4BD2FA3CBD7D618FC /* Copy Pods Resources */,
			);
			buildRules = (
			);
			dependencies = (
				CE9B350C1B3B395A005507F4 /* PBXTargetDependency */,
			);
			name = VKSampleApp;
			productName = VKSampleApp;
			productReference = CE9B34C71B3B2E0F005507F4 /* VKSampleApp.app */;
			productType = "com.apple.product-type.application";
		};
		CE9B34DF1B3B2E0F005507F4 /* VKSampleAppTests */ = {
			isa = PBXNativeTarget;
			buildConfigurationList = CE9B34ED1B3B2E0F005507F4 /* Build configuration list for PBXNativeTarget "VKSampleAppTests" */;
			buildPhases = (
				CE9B34DC1B3B2E0F005507F4 /* Sources */,
				CE9B34DD1B3B2E0F005507F4 /* Frameworks */,
				CE9B34DE1B3B2E0F005507F4 /* Resources */,
			);
			buildRules = (
			);
			dependencies = (
				CE9B34E21B3B2E0F005507F4 /* PBXTargetDependency */,
			);
			name = VKSampleAppTests;
			productName = VKSampleAppTests;
			productReference = CE9B34E01B3B2E0F005507F4 /* VKSampleAppTests.xctest */;
			productType = "com.apple.product-type.bundle.unit-test";
		};
/* End PBXNativeTarget section */

/* Begin PBXProject section */
		CE9B34BF1B3B2E0F005507F4 /* Project object */ = {
			isa = PBXProject;
			attributes = {
				CLASSPREFIX = SZ;
				LastUpgradeCheck = 0630;
				ORGANIZATIONNAME = "Сергей Галездинов";
				TargetAttributes = {
					CE9B34C61B3B2E0F005507F4 = {
						CreatedOnToolsVersion = 6.3.2;
					};
					CE9B34DF1B3B2E0F005507F4 = {
						CreatedOnToolsVersion = 6.3.2;
						TestTargetID = CE9B34C61B3B2E0F005507F4;
					};
					CE9B35071B3B3951005507F4 = {
						CreatedOnToolsVersion = 6.3.2;
					};
				};
			};
			buildConfigurationList = CE9B34C21B3B2E0F005507F4 /* Build configuration list for PBXProject "VKSampleApp" */;
			compatibilityVersion = "Xcode 3.2";
			developmentRegion = English;
			hasScannedForEncodings = 0;
			knownRegions = (
				en,
				Base,
			);
			mainGroup = CE9B34BE1B3B2E0F005507F4;
			productRefGroup = CE9B34C81B3B2E0F005507F4 /* Products */;
			projectDirPath = "";
			projectRoot = "";
			targets = (
				CE9B35071B3B3951005507F4 /* mogenerator */,
				CE9B34C61B3B2E0F005507F4 /* VKSampleApp */,
				CE9B34DF1B3B2E0F005507F4 /* VKSampleAppTests */,
			);
		};
/* End PBXProject section */

/* Begin PBXResourcesBuildPhase section */
		CE9B34C51B3B2E0F005507F4 /* Resources */ = {
			isa = PBXResourcesBuildPhase;
			buildActionMask = 2147483647;
			files = (
				CEB9D1361B3C1A580052D5FC /* Login.storyboard in Resources */,
				CE9B34F21B3B2E7E005507F4 /* LaunchScreen.storyboard in Resources */,
				CE9B34D61B3B2E0F005507F4 /* Main.storyboard in Resources */,
				CE9B34D81B3B2E0F005507F4 /* Images.xcassets in Resources */,
			);
			runOnlyForDeploymentPostprocessing = 0;
		};
		CE9B34DE1B3B2E0F005507F4 /* Resources */ = {
			isa = PBXResourcesBuildPhase;
			buildActionMask = 2147483647;
			files = (
			);
			runOnlyForDeploymentPostprocessing = 0;
		};
/* End PBXResourcesBuildPhase section */

/* Begin PBXShellScriptBuildPhase section */
		B677106DB339ABE5465240D7 /* Check Pods Manifest.lock */ = {
			isa = PBXShellScriptBuildPhase;
			buildActionMask = 2147483647;
			files = (
			);
			inputPaths = (
			);
			name = "Check Pods Manifest.lock";
			outputPaths = (
			);
			runOnlyForDeploymentPostprocessing = 0;
			shellPath = /bin/sh;
			shellScript = "diff \"${PODS_ROOT}/../Podfile.lock\" \"${PODS_ROOT}/Manifest.lock\" > /dev/null\nif [[ $? != 0 ]] ; then\n    cat << EOM\nerror: The sandbox is not in sync with the Podfile.lock. Run 'pod install' or update your CocoaPods installation.\nEOM\n    exit 1\nfi\n";
			showEnvVarsInLog = 0;
		};
		CE9B350D1B3B395F005507F4 /* ShellScript */ = {
			isa = PBXShellScriptBuildPhase;
			buildActionMask = 2147483647;
			files = (
			);
			inputPaths = (
			);
			outputPaths = (
			);
			runOnlyForDeploymentPostprocessing = 0;
			shellPath = /bin/sh;
			shellScript = "PATH=${PATH}:/usr/local/bin\nmogenerator --v2 -m ./CoreData/SZModel.xcdatamodeld --machine-dir ./CoreData/Machine --human-dir ./CoreData/Human --includeh ./CoreData/SZModel.h --includem ./CoreData/SZModel.m";
		};
		D6DA2DF4BD2FA3CBD7D618FC /* Copy Pods Resources */ = {
			isa = PBXShellScriptBuildPhase;
			buildActionMask = 2147483647;
			files = (
			);
			inputPaths = (
			);
			name = "Copy Pods Resources";
			outputPaths = (
			);
			runOnlyForDeploymentPostprocessing = 0;
			shellPath = /bin/sh;
			shellScript = "\"${SRCROOT}/Pods/Target Support Files/Pods/Pods-resources.sh\"\n";
			showEnvVarsInLog = 0;
		};
/* End PBXShellScriptBuildPhase section */

/* Begin PBXSourcesBuildPhase section */
		CE9B34C31B3B2E0F005507F4 /* Sources */ = {
			isa = PBXSourcesBuildPhase;
			buildActionMask = 2147483647;
			files = (
				CE9B35511B3B4E9A005507F4 /* SZLocalStorage.m in Sources */,
				CE5187611B3DCF1500D120D7 /* SZNewsFeedTableViewCell.m in Sources */,
				CE9B35551B3B55CE005507F4 /* SZServerController.m in Sources */,
				CE9B355B1B3C0FA3005507F4 /* SZImageLoader.m in Sources */,
				CE9B34D31B3B2E0F005507F4 /* SZNewsFeedViewController.m in Sources */,
				CE9B34D01B3B2E0F005507F4 /* AppDelegate.m in Sources */,
				CE9B35051B3B3866005507F4 /* SZModel.xcdatamodeld in Sources */,
				CE7334361B3D397000F60735 /* SZVKTransformers.m in Sources */,
				CE9B35581B3BFAEE005507F4 /* SZImageCache.m in Sources */,
				CE9B35101B3B3997005507F4 /* SZModel.m in Sources */,
				CE5187681B3F243600D120D7 /* SZAdjustLabel.m in Sources */,
				CE9B34CD1B3B2E0F005507F4 /* main.m in Sources */,
				CEB9D1391B3C34B50052D5FC /* SZLoginViewController.m in Sources */,
			);
			runOnlyForDeploymentPostprocessing = 0;
		};
		CE9B34DC1B3B2E0F005507F4 /* Sources */ = {
			isa = PBXSourcesBuildPhase;
			buildActionMask = 2147483647;
			files = (
				CE9B35111B3B3997005507F4 /* SZModel.m in Sources */,
				CE9B35061B3B3866005507F4 /* SZModel.xcdatamodeld in Sources */,
				CE7334371B3D397000F60735 /* SZVKTransformers.m in Sources */,
				CE9B34E71B3B2E0F005507F4 /* VKSampleAppTests.m in Sources */,
			);
			runOnlyForDeploymentPostprocessing = 0;
		};
/* End PBXSourcesBuildPhase section */

/* Begin PBXTargetDependency section */
		CE9B34E21B3B2E0F005507F4 /* PBXTargetDependency */ = {
			isa = PBXTargetDependency;
			target = CE9B34C61B3B2E0F005507F4 /* VKSampleApp */;
			targetProxy = CE9B34E11B3B2E0F005507F4 /* PBXContainerItemProxy */;
		};
		CE9B350C1B3B395A005507F4 /* PBXTargetDependency */ = {
			isa = PBXTargetDependency;
			target = CE9B35071B3B3951005507F4 /* mogenerator */;
			targetProxy = CE9B350B1B3B395A005507F4 /* PBXContainerItemProxy */;
		};
/* End PBXTargetDependency section */

/* Begin PBXVariantGroup section */
		CE9B34D41B3B2E0F005507F4 /* Main.storyboard */ = {
			isa = PBXVariantGroup;
			children = (
				CE9B34D51B3B2E0F005507F4 /* Base */,
			);
			name = Main.storyboard;
			sourceTree = "<group>";
		};
		CE9B34F01B3B2E7E005507F4 /* LaunchScreen.storyboard */ = {
			isa = PBXVariantGroup;
			children = (
				CE9B34F11B3B2E7E005507F4 /* Base */,
			);
			name = LaunchScreen.storyboard;
			path = ..;
			sourceTree = "<group>";
		};
		CEB9D1341B3C1A580052D5FC /* Login.storyboard */ = {
			isa = PBXVariantGroup;
			children = (
				CEB9D1351B3C1A580052D5FC /* Base */,
			);
			name = Login.storyboard;
			sourceTree = "<group>";
		};
/* End PBXVariantGroup section */

/* Begin XCBuildConfiguration section */
		CE9B34E81B3B2E0F005507F4 /* Debug */ = {
			isa = XCBuildConfiguration;
			buildSettings = {
				ALWAYS_SEARCH_USER_PATHS = YES;
				CLANG_CXX_LANGUAGE_STANDARD = "gnu++0x";
				CLANG_CXX_LIBRARY = "libc++";
				CLANG_ENABLE_MODULES = YES;
				CLANG_ENABLE_OBJC_ARC = YES;
				CLANG_WARN_BOOL_CONVERSION = YES;
				CLANG_WARN_CONSTANT_CONVERSION = YES;
				CLANG_WARN_DIRECT_OBJC_ISA_USAGE = YES_ERROR;
				CLANG_WARN_EMPTY_BODY = YES;
				CLANG_WARN_ENUM_CONVERSION = YES;
				CLANG_WARN_INT_CONVERSION = YES;
				CLANG_WARN_OBJC_ROOT_CLASS = YES_ERROR;
				CLANG_WARN_UNREACHABLE_CODE = YES;
				CLANG_WARN__DUPLICATE_METHOD_MATCH = YES;
				"CODE_SIGN_IDENTITY[sdk=iphoneos*]" = "iPhone Developer";
				COPY_PHASE_STRIP = NO;
				DEBUG_INFORMATION_FORMAT = "dwarf-with-dsym";
				ENABLE_STRICT_OBJC_MSGSEND = YES;
				GCC_C_LANGUAGE_STANDARD = gnu99;
				GCC_DYNAMIC_NO_PIC = NO;
				GCC_NO_COMMON_BLOCKS = YES;
				GCC_OPTIMIZATION_LEVEL = 0;
				GCC_PREPROCESSOR_DEFINITIONS = (
					"DEBUG=1",
					"$(inherited)",
				);
				GCC_SYMBOLS_PRIVATE_EXTERN = NO;
				GCC_WARN_64_TO_32_BIT_CONVERSION = YES;
				GCC_WARN_ABOUT_RETURN_TYPE = YES_ERROR;
				GCC_WARN_UNDECLARED_SELECTOR = YES;
				GCC_WARN_UNINITIALIZED_AUTOS = YES_AGGRESSIVE;
				GCC_WARN_UNUSED_FUNCTION = YES;
				GCC_WARN_UNUSED_VARIABLE = YES;
				IPHONEOS_DEPLOYMENT_TARGET = 7.0;
				MTL_ENABLE_DEBUG_INFO = YES;
				ONLY_ACTIVE_ARCH = YES;
				SDKROOT = iphoneos;
				USER_HEADER_SEARCH_PATHS = "$(SRCROOT)/CoreData/**";
			};
			name = Debug;
		};
		CE9B34E91B3B2E0F005507F4 /* Release */ = {
			isa = XCBuildConfiguration;
			buildSettings = {
				ALWAYS_SEARCH_USER_PATHS = YES;
				CLANG_CXX_LANGUAGE_STANDARD = "gnu++0x";
				CLANG_CXX_LIBRARY = "libc++";
				CLANG_ENABLE_MODULES = YES;
				CLANG_ENABLE_OBJC_ARC = YES;
				CLANG_WARN_BOOL_CONVERSION = YES;
				CLANG_WARN_CONSTANT_CONVERSION = YES;
				CLANG_WARN_DIRECT_OBJC_ISA_USAGE = YES_ERROR;
				CLANG_WARN_EMPTY_BODY = YES;
				CLANG_WARN_ENUM_CONVERSION = YES;
				CLANG_WARN_INT_CONVERSION = YES;
				CLANG_WARN_OBJC_ROOT_CLASS = YES_ERROR;
				CLANG_WARN_UNREACHABLE_CODE = YES;
				CLANG_WARN__DUPLICATE_METHOD_MATCH = YES;
				"CODE_SIGN_IDENTITY[sdk=iphoneos*]" = "iPhone Developer";
				COPY_PHASE_STRIP = NO;
				DEBUG_INFORMATION_FORMAT = "dwarf-with-dsym";
				ENABLE_NS_ASSERTIONS = NO;
				ENABLE_STRICT_OBJC_MSGSEND = YES;
				GCC_C_LANGUAGE_STANDARD = gnu99;
				GCC_NO_COMMON_BLOCKS = YES;
				GCC_WARN_64_TO_32_BIT_CONVERSION = YES;
				GCC_WARN_ABOUT_RETURN_TYPE = YES_ERROR;
				GCC_WARN_UNDECLARED_SELECTOR = YES;
				GCC_WARN_UNINITIALIZED_AUTOS = YES_AGGRESSIVE;
				GCC_WARN_UNUSED_FUNCTION = YES;
				GCC_WARN_UNUSED_VARIABLE = YES;
				IPHONEOS_DEPLOYMENT_TARGET = 7.0;
				MTL_ENABLE_DEBUG_INFO = NO;
				SDKROOT = iphoneos;
				USER_HEADER_SEARCH_PATHS = "$(SRCROOT)/CoreData/**";
				VALIDATE_PRODUCT = YES;
			};
			name = Release;
		};
		CE9B34EB1B3B2E0F005507F4 /* Debug */ = {
			isa = XCBuildConfiguration;
			baseConfigurationReference = 18CF48A7C269C00E7876C181 /* Pods.debug.xcconfig */;
			buildSettings = {
				ASSETCATALOG_COMPILER_APPICON_NAME = AppIcon;
				ASSETCATALOG_COMPILER_LAUNCHIMAGE_NAME = LaunchImage;
				GCC_PREFIX_HEADER = "VKSampleApp/VKSampleApp-Prefix.pch";
				INFOPLIST_FILE = VKSampleApp/Info.plist;
				IPHONEOS_DEPLOYMENT_TARGET = 7.0;
				LD_RUNPATH_SEARCH_PATHS = "$(inherited) @executable_path/Frameworks";
				PRODUCT_NAME = "$(TARGET_NAME)";
			};
			name = Debug;
		};
		CE9B34EC1B3B2E0F005507F4 /* Release */ = {
			isa = XCBuildConfiguration;
			baseConfigurationReference = 9186A775E2C713F4087BB117 /* Pods.release.xcconfig */;
			buildSettings = {
				ASSETCATALOG_COMPILER_APPICON_NAME = AppIcon;
				ASSETCATALOG_COMPILER_LAUNCHIMAGE_NAME = LaunchImage;
				GCC_PREFIX_HEADER = "VKSampleApp/VKSampleApp-Prefix.pch";
				INFOPLIST_FILE = VKSampleApp/Info.plist;
				IPHONEOS_DEPLOYMENT_TARGET = 7.0;
				LD_RUNPATH_SEARCH_PATHS = "$(inherited) @executable_path/Frameworks";
				PRODUCT_NAME = "$(TARGET_NAME)";
			};
			name = Release;
		};
		CE9B34EE1B3B2E0F005507F4 /* Debug */ = {
			isa = XCBuildConfiguration;
			buildSettings = {
				BUNDLE_LOADER = "$(TEST_HOST)";
				FRAMEWORK_SEARCH_PATHS = (
					"$(SDKROOT)/Developer/Library/Frameworks",
					"$(inherited)",
				);
				GCC_PREPROCESSOR_DEFINITIONS = (
					"DEBUG=1",
					"$(inherited)",
				);
				INFOPLIST_FILE = VKSampleAppTests/Info.plist;
				LD_RUNPATH_SEARCH_PATHS = "$(inherited) @executable_path/Frameworks @loader_path/Frameworks";
				PRODUCT_NAME = "$(TARGET_NAME)";
				TEST_HOST = "$(BUILT_PRODUCTS_DIR)/VKSampleApp.app/VKSampleApp";
			};
			name = Debug;
		};
		CE9B34EF1B3B2E0F005507F4 /* Release */ = {
			isa = XCBuildConfiguration;
			buildSettings = {
				BUNDLE_LOADER = "$(TEST_HOST)";
				FRAMEWORK_SEARCH_PATHS = (
					"$(SDKROOT)/Developer/Library/Frameworks",
					"$(inherited)",
				);
				INFOPLIST_FILE = VKSampleAppTests/Info.plist;
				LD_RUNPATH_SEARCH_PATHS = "$(inherited) @executable_path/Frameworks @loader_path/Frameworks";
				PRODUCT_NAME = "$(TARGET_NAME)";
				TEST_HOST = "$(BUILT_PRODUCTS_DIR)/VKSampleApp.app/VKSampleApp";
			};
			name = Release;
		};
		CE9B35081B3B3951005507F4 /* Debug */ = {
			isa = XCBuildConfiguration;
			buildSettings = {
				PRODUCT_NAME = "$(TARGET_NAME)";
			};
			name = Debug;
		};
		CE9B35091B3B3951005507F4 /* Release */ = {
			isa = XCBuildConfiguration;
			buildSettings = {
				PRODUCT_NAME = "$(TARGET_NAME)";
			};
			name = Release;
		};
/* End XCBuildConfiguration section */

/* Begin XCConfigurationList section */
		CE9B34C21B3B2E0F005507F4 /* Build configuration list for PBXProject "VKSampleApp" */ = {
			isa = XCConfigurationList;
			buildConfigurations = (
				CE9B34E81B3B2E0F005507F4 /* Debug */,
				CE9B34E91B3B2E0F005507F4 /* Release */,
			);
			defaultConfigurationIsVisible = 0;
			defaultConfigurationName = Release;
		};
		CE9B34EA1B3B2E0F005507F4 /* Build configuration list for PBXNativeTarget "VKSampleApp" */ = {
			isa = XCConfigurationList;
			buildConfigurations = (
				CE9B34EB1B3B2E0F005507F4 /* Debug */,
				CE9B34EC1B3B2E0F005507F4 /* Release */,
			);
			defaultConfigurationIsVisible = 0;
			defaultConfigurationName = Release;
		};
		CE9B34ED1B3B2E0F005507F4 /* Build configuration list for PBXNativeTarget "VKSampleAppTests" */ = {
			isa = XCConfigurationList;
			buildConfigurations = (
				CE9B34EE1B3B2E0F005507F4 /* Debug */,
				CE9B34EF1B3B2E0F005507F4 /* Release */,
			);
			defaultConfigurationIsVisible = 0;
			defaultConfigurationName = Release;
		};
		CE9B350A1B3B3951005507F4 /* Build configuration list for PBXAggregateTarget "mogenerator" */ = {
			isa = XCConfigurationList;
			buildConfigurations = (
				CE9B35081B3B3951005507F4 /* Debug */,
				CE9B35091B3B3951005507F4 /* Release */,
			);
			defaultConfigurationIsVisible = 0;
			defaultConfigurationName = Release;
		};
/* End XCConfigurationList section */

/* Begin XCVersionGroup section */
		CE9B35031B3B3866005507F4 /* SZModel.xcdatamodeld */ = {
			isa = XCVersionGroup;
			children = (
				CE9B35041B3B3866005507F4 /* vkModel.xcdatamodel */,
			);
			currentVersion = CE9B35041B3B3866005507F4 /* vkModel.xcdatamodel */;
			name = SZModel.xcdatamodeld;
			path = ../CoreData/SZModel.xcdatamodeld;
			sourceTree = "<group>";
			versionGroupType = wrapper.xcdatamodel;
		};
/* End XCVersionGroup section */
	};
	rootObject = CE9B34BF1B3B2E0F005507F4 /* Project object */;
}
